
Microsoft Visual Studio Solution File, Format Version 12.00
# Visual Studio Version 17
VisualStudioVersion = 17.0.31903.59
MinimumVisualStudioVersion = 10.0.40219.1
Project("{FAE04EC0-301F-11D3-BF4B-00C04F79EFBC}") = "dbrowseapi", "dbrowseapi\dbrowseapi.csproj", "{8E75E261-5A47-4262-B30C-A62E5EFAB393}"
EndProject
Project("{FAE04EC0-301F-11D3-BF4B-00C04F79EFBC}") = "dbrowseModels", "dbrowseModels\dbrowseModels.csproj", "{DC8400C2-C109-484A-9B25-6686ED6D1BF2}"
EndProject
Project("{FAE04EC0-301F-11D3-BF4B-00C04F79EFBC}") = "HardkorowyKodsu", "HardkorowyKodsu\HardkorowyKodsu.csproj", "{0603D3AF-0E17-4731-AD43-7CBD16397B98}"
EndProject
Global
	GlobalSection(SolutionConfigurationPlatforms) = preSolution
		Debug|Any CPU = Debug|Any CPU
		Release|Any CPU = Release|Any CPU
	EndGlobalSection
	GlobalSection(SolutionProperties) = preSolution
		HideSolutionNode = FALSE
	EndGlobalSection
	GlobalSection(ProjectConfigurationPlatforms) = postSolution
		{8E75E261-5A47-4262-B30C-A62E5EFAB393}.Debug|Any CPU.ActiveCfg = Debug|Any CPU
		{8E75E261-5A47-4262-B30C-A62E5EFAB393}.Debug|Any CPU.Build.0 = Debug|Any CPU
		{8E75E261-5A47-4262-B30C-A62E5EFAB393}.Release|Any CPU.ActiveCfg = Release|Any CPU
		{8E75E261-5A47-4262-B30C-A62E5EFAB393}.Release|Any CPU.Build.0 = Release|Any CPU
		{DC8400C2-C109-484A-9B25-6686ED6D1BF2}.Debug|Any CPU.ActiveCfg = Debug|Any CPU
		{DC8400C2-C109-484A-9B25-6686ED6D1BF2}.Debug|Any CPU.Build.0 = Debug|Any CPU
		{DC8400C2-C109-484A-9B25-6686ED6D1BF2}.Release|Any CPU.ActiveCfg = Release|Any CPU
		{DC8400C2-C109-484A-9B25-6686ED6D1BF2}.Release|Any CPU.Build.0 = Release|Any CPU
		{0603D3AF-0E17-4731-AD43-7CBD16397B98}.Debug|Any CPU.ActiveCfg = Debug|Any CPU
		{0603D3AF-0E17-4731-AD43-7CBD16397B98}.Debug|Any CPU.Build.0 = Debug|Any CPU
		{0603D3AF-0E17-4731-AD43-7CBD16397B98}.Release|Any CPU.ActiveCfg = Release|Any CPU
		{0603D3AF-0E17-4731-AD43-7CBD16397B98}.Release|Any CPU.Build.0 = Release|Any CPU
	EndGlobalSection
EndGlobal
